
Microsoft Visual Studio Solution File, Format Version 12.00
Project("{2150E333-8FDC-42A3-9474-1A3956D46DE8}") = "Extensions", "Extensions", "{9ABBA19A-3E7A-4656-92C7-E0BE04E346A4}"
EndProject
Project("{FAE04EC0-301F-11D3-BF4B-00C04F79EFBC}") = "Senko.Extensions", "Senko.Extensions\Senko.Extensions.csproj", "{363CCBD2-8D91-40FD-9971-0121382D57D6}"
EndProject
Project("{FAE04EC0-301F-11D3-BF4B-00C04F79EFBC}") = "Senko.Extensions.Tests", "Senko.Extensions.Tests\Senko.Extensions.Tests.csproj", "{903C469F-9769-4E2B-95EC-2D28BAE72E1B}"
EndProject
Project("{2150E333-8FDC-42A3-9474-1A3956D46DE8}") = "Async", "Async", "{99BBB803-CBA5-48DC-B3C0-89CBAF8E0AE5}"
EndProject
Project("{FAE04EC0-301F-11D3-BF4B-00C04F79EFBC}") = "Senko.Async", "Senko.Async\Senko.Async.csproj", "{9FEAD4CF-4C79-4C7E-A582-EE0DB1724523}"
EndProject
Project("{FAE04EC0-301F-11D3-BF4B-00C04F79EFBC}") = "Senko.Async.Tests", "Senko.Async.Tests\Senko.Async.Tests.csproj", "{0558F62D-886E-4B01-92CB-2048CA744EC3}"
EndProject
Project("{2150E333-8FDC-42A3-9474-1A3956D46DE8}") = "Serilog", "Serilog", "{5DEBBAA4-4A9E-4702-97AF-5BE563924EFC}"
EndProject
Project("{FAE04EC0-301F-11D3-BF4B-00C04F79EFBC}") = "Senko.Serilog", "Senko.Serilog\Senko.Serilog.csproj", "{AE226442-F555-4831-AB01-8661EDF1B509}"
EndProject
Project("{2150E333-8FDC-42A3-9474-1A3956D46DE8}") = "Flurl", "Flurl", "{7679BA3D-85BA-4E58-9225-C005425A54C6}"
EndProject
Project("{FAE04EC0-301F-11D3-BF4B-00C04F79EFBC}") = "Senko.Flurl", "Senko.Flurl\Senko.Flurl.csproj", "{E8A7F234-FA76-47A8-AE9C-E49CA4184722}"
EndProject
Project("{FAE04EC0-301F-11D3-BF4B-00C04F79EFBC}") = "Senko.Flurl.Tests", "Senko.Flurl.Tests\Senko.Flurl.Tests.csproj", "{2633A398-BA1D-41BA-9FDB-48D39DE9EB03}"
EndProject
Project("{2150E333-8FDC-42A3-9474-1A3956D46DE8}") = "Hosting", "Hosting", "{E44CC221-6382-4B53-B2F1-A5CB85726D2E}"
EndProject
Project("{FAE04EC0-301F-11D3-BF4B-00C04F79EFBC}") = "Senko.Hosting", "Senko.Hosting\Senko.Hosting.csproj", "{B5749D53-03D4-4E0C-B188-88F5B70D5C99}"
EndProject
Global
	GlobalSection(SolutionConfigurationPlatforms) = preSolution
		Debug|Any CPU = Debug|Any CPU
		Release|Any CPU = Release|Any CPU
	EndGlobalSection
	GlobalSection(NestedProjects) = preSolution
		{363CCBD2-8D91-40FD-9971-0121382D57D6} = {9ABBA19A-3E7A-4656-92C7-E0BE04E346A4}
		{903C469F-9769-4E2B-95EC-2D28BAE72E1B} = {9ABBA19A-3E7A-4656-92C7-E0BE04E346A4}
		{9FEAD4CF-4C79-4C7E-A582-EE0DB1724523} = {99BBB803-CBA5-48DC-B3C0-89CBAF8E0AE5}
		{0558F62D-886E-4B01-92CB-2048CA744EC3} = {99BBB803-CBA5-48DC-B3C0-89CBAF8E0AE5}
		{AE226442-F555-4831-AB01-8661EDF1B509} = {5DEBBAA4-4A9E-4702-97AF-5BE563924EFC}
		{E8A7F234-FA76-47A8-AE9C-E49CA4184722} = {7679BA3D-85BA-4E58-9225-C005425A54C6}
		{2633A398-BA1D-41BA-9FDB-48D39DE9EB03} = {7679BA3D-85BA-4E58-9225-C005425A54C6}
		{B5749D53-03D4-4E0C-B188-88F5B70D5C99} = {E44CC221-6382-4B53-B2F1-A5CB85726D2E}
	EndGlobalSection
	GlobalSection(ProjectConfigurationPlatforms) = postSolution
		{363CCBD2-8D91-40FD-9971-0121382D57D6}.Debug|Any CPU.ActiveCfg = Debug|Any CPU
		{363CCBD2-8D91-40FD-9971-0121382D57D6}.Debug|Any CPU.Build.0 = Debug|Any CPU
		{363CCBD2-8D91-40FD-9971-0121382D57D6}.Release|Any CPU.ActiveCfg = Release|Any CPU
		{363CCBD2-8D91-40FD-9971-0121382D57D6}.Release|Any CPU.Build.0 = Release|Any CPU
		{903C469F-9769-4E2B-95EC-2D28BAE72E1B}.Debug|Any CPU.ActiveCfg = Debug|Any CPU
		{903C469F-9769-4E2B-95EC-2D28BAE72E1B}.Debug|Any CPU.Build.0 = Debug|Any CPU
		{903C469F-9769-4E2B-95EC-2D28BAE72E1B}.Release|Any CPU.ActiveCfg = Release|Any CPU
		{903C469F-9769-4E2B-95EC-2D28BAE72E1B}.Release|Any CPU.Build.0 = Release|Any CPU
		{9FEAD4CF-4C79-4C7E-A582-EE0DB1724523}.Debug|Any CPU.ActiveCfg = Debug|Any CPU
		{9FEAD4CF-4C79-4C7E-A582-EE0DB1724523}.Debug|Any CPU.Build.0 = Debug|Any CPU
		{9FEAD4CF-4C79-4C7E-A582-EE0DB1724523}.Release|Any CPU.ActiveCfg = Release|Any CPU
		{9FEAD4CF-4C79-4C7E-A582-EE0DB1724523}.Release|Any CPU.Build.0 = Release|Any CPU
		{0558F62D-886E-4B01-92CB-2048CA744EC3}.Debug|Any CPU.ActiveCfg = Debug|Any CPU
		{0558F62D-886E-4B01-92CB-2048CA744EC3}.Debug|Any CPU.Build.0 = Debug|Any CPU
		{0558F62D-886E-4B01-92CB-2048CA744EC3}.Release|Any CPU.ActiveCfg = Release|Any CPU
		{0558F62D-886E-4B01-92CB-2048CA744EC3}.Release|Any CPU.Build.0 = Release|Any CPU
		{AE226442-F555-4831-AB01-8661EDF1B509}.Debug|Any CPU.ActiveCfg = Debug|Any CPU
		{AE226442-F555-4831-AB01-8661EDF1B509}.Debug|Any CPU.Build.0 = Debug|Any CPU
		{AE226442-F555-4831-AB01-8661EDF1B509}.Release|Any CPU.ActiveCfg = Release|Any CPU
		{AE226442-F555-4831-AB01-8661EDF1B509}.Release|Any CPU.Build.0 = Release|Any CPU
		{E8A7F234-FA76-47A8-AE9C-E49CA4184722}.Debug|Any CPU.ActiveCfg = Debug|Any CPU
		{E8A7F234-FA76-47A8-AE9C-E49CA4184722}.Debug|Any CPU.Build.0 = Debug|Any CPU
		{E8A7F234-FA76-47A8-AE9C-E49CA4184722}.Release|Any CPU.ActiveCfg = Release|Any CPU
		{E8A7F234-FA76-47A8-AE9C-E49CA4184722}.Release|Any CPU.Build.0 = Release|Any CPU
		{2633A398-BA1D-41BA-9FDB-48D39DE9EB03}.Debug|Any CPU.ActiveCfg = Debug|Any CPU
		{2633A398-BA1D-41BA-9FDB-48D39DE9EB03}.Debug|Any CPU.Build.0 = Debug|Any CPU
		{2633A398-BA1D-41BA-9FDB-48D39DE9EB03}.Release|Any CPU.ActiveCfg = Release|Any CPU
		{2633A398-BA1D-41BA-9FDB-48D39DE9EB03}.Release|Any CPU.Build.0 = Release|Any CPU
		{B5749D53-03D4-4E0C-B188-88F5B70D5C99}.Debug|Any CPU.ActiveCfg = Debug|Any CPU
		{B5749D53-03D4-4E0C-B188-88F5B70D5C99}.Debug|Any CPU.Build.0 = Debug|Any CPU
		{B5749D53-03D4-4E0C-B188-88F5B70D5C99}.Release|Any CPU.ActiveCfg = Release|Any CPU
		{B5749D53-03D4-4E0C-B188-88F5B70D5C99}.Release|Any CPU.Build.0 = Release|Any CPU
	EndGlobalSection
EndGlobal
